
Microsoft Visual Studio Solution File, Format Version 12.00
# Visual Studio Version 17
VisualStudioVersion = 17.8.34408.163
MinimumVisualStudioVersion = 10.0.40219.1
Project("{2150E333-8FDC-42A3-9474-1A3956D46DE8}") = "Additional Files", "Additional Files", "{07F06619-1C93-4602-B235-B2FCBAA7C2CB}"
	ProjectSection(SolutionItems) = preProject
		.editorconfig = .editorconfig
		.gitignore = .gitignore
		README.md = README.md
	EndProjectSection
EndProject
Project("{9A19103F-16F7-4668-BE54-9A1E7A4F7556}") = "Unshackled.Fitness.My.Client", "src\Fitness\Unshackled.Fitness.My.Client\Unshackled.Fitness.My.Client.csproj", "{7C93D157-FA5F-46AF-99E4-3F99CCEDAD7F}"
EndProject
Project("{9A19103F-16F7-4668-BE54-9A1E7A4F7556}") = "Unshackled.Fitness.My", "src\Fitness\Unshackled.Fitness.My\Unshackled.Fitness.My.csproj", "{40BDA468-E0F3-4B6B-BD3F-5E40EC56CF56}"
EndProject
Project("{9A19103F-16F7-4668-BE54-9A1E7A4F7556}") = "Unshackled.Fitness.Core", "src\Fitness\Unshackled.Fitness.Core\Unshackled.Fitness.Core.csproj", "{9A531C44-C518-4C22-A6BB-02C337AFBEA5}"
EndProject
Project("{9A19103F-16F7-4668-BE54-9A1E7A4F7556}") = "Unshackled.Fitness.Core.Data", "src\Fitness\Unshackled.Fitness.Core.Data\Unshackled.Fitness.Core.Data.csproj", "{AA7B4529-88D6-4F42-A0E3-B467FC76D961}"
EndProject
Project("{9A19103F-16F7-4668-BE54-9A1E7A4F7556}") = "Unshackled.Studio.Core.Client", "src\Core\Unshackled.Studio.Core.Client\Unshackled.Studio.Core.Client.csproj", "{E97B73FF-D1E9-4CDC-A901-618A3F9151D3}"
EndProject
Project("{9A19103F-16F7-4668-BE54-9A1E7A4F7556}") = "Unshackled.Studio.Core.Server", "src\Core\Unshackled.Studio.Core.Server\Unshackled.Studio.Core.Server.csproj", "{56374E57-E7C9-4FDF-A7D9-E04698222167}"
EndProject
Project("{9A19103F-16F7-4668-BE54-9A1E7A4F7556}") = "Unshackled.Studio.Core.Data", "src\Core\Unshackled.Studio.Core.Data\Unshackled.Studio.Core.Data.csproj", "{45D17CEE-AA71-44FC-AB5C-2CC1045E66D1}"
EndProject
Project("{2150E333-8FDC-42A3-9474-1A3956D46DE8}") = "Core", "Core", "{8F306105-E6FA-4D45-B7A5-6D861C556387}"
EndProject
Project("{2150E333-8FDC-42A3-9474-1A3956D46DE8}") = "Fitness", "Fitness", "{29C592C6-5588-467A-8E0D-CA771720BD27}"
EndProject
Project("{2150E333-8FDC-42A3-9474-1A3956D46DE8}") = "Food", "Food", "{49546F29-6694-4DD4-98A6-101E479A19EA}"
EndProject
Project("{FAE04EC0-301F-11D3-BF4B-00C04F79EFBC}") = "Unshackled.Food.Core", "src\Food\Unshackled.Food.Core\Unshackled.Food.Core.csproj", "{A22733D0-C027-4786-B0BC-14332BCB3152}"
EndProject
Project("{FAE04EC0-301F-11D3-BF4B-00C04F79EFBC}") = "Unshackled.Food.Core.Data", "src\Food\Unshackled.Food.Core.Data\Unshackled.Food.Core.Data.csproj", "{D1D7D215-9E36-4077-B564-188805080A62}"
EndProject
Project("{FAE04EC0-301F-11D3-BF4B-00C04F79EFBC}") = "Unshackled.Food.My.Client", "src\Food\Unshackled.Food.My.Client\Unshackled.Food.My.Client.csproj", "{31F26AA2-8BDC-4C6B-8DBA-03A05EC249E0}"
EndProject
Project("{FAE04EC0-301F-11D3-BF4B-00C04F79EFBC}") = "Unshackled.Food.My", "src\Food\Unshackled.Food.My\Unshackled.Food.My.csproj", "{A345BA06-3040-4499-829F-8B25BBE23747}"
EndProject
Global
	GlobalSection(SolutionConfigurationPlatforms) = preSolution
		Debug|Any CPU = Debug|Any CPU
		Release|Any CPU = Release|Any CPU
	EndGlobalSection
	GlobalSection(ProjectConfigurationPlatforms) = postSolution
		{7C93D157-FA5F-46AF-99E4-3F99CCEDAD7F}.Debug|Any CPU.ActiveCfg = Debug|Any CPU
		{7C93D157-FA5F-46AF-99E4-3F99CCEDAD7F}.Debug|Any CPU.Build.0 = Debug|Any CPU
		{7C93D157-FA5F-46AF-99E4-3F99CCEDAD7F}.Release|Any CPU.ActiveCfg = Release|Any CPU
		{7C93D157-FA5F-46AF-99E4-3F99CCEDAD7F}.Release|Any CPU.Build.0 = Release|Any CPU
		{40BDA468-E0F3-4B6B-BD3F-5E40EC56CF56}.Debug|Any CPU.ActiveCfg = Debug|Any CPU
		{40BDA468-E0F3-4B6B-BD3F-5E40EC56CF56}.Debug|Any CPU.Build.0 = Debug|Any CPU
		{40BDA468-E0F3-4B6B-BD3F-5E40EC56CF56}.Release|Any CPU.ActiveCfg = Release|Any CPU
		{40BDA468-E0F3-4B6B-BD3F-5E40EC56CF56}.Release|Any CPU.Build.0 = Release|Any CPU
		{9A531C44-C518-4C22-A6BB-02C337AFBEA5}.Debug|Any CPU.ActiveCfg = Debug|Any CPU
		{9A531C44-C518-4C22-A6BB-02C337AFBEA5}.Debug|Any CPU.Build.0 = Debug|Any CPU
		{9A531C44-C518-4C22-A6BB-02C337AFBEA5}.Release|Any CPU.ActiveCfg = Release|Any CPU
		{9A531C44-C518-4C22-A6BB-02C337AFBEA5}.Release|Any CPU.Build.0 = Release|Any CPU
		{AA7B4529-88D6-4F42-A0E3-B467FC76D961}.Debug|Any CPU.ActiveCfg = Debug|Any CPU
		{AA7B4529-88D6-4F42-A0E3-B467FC76D961}.Debug|Any CPU.Build.0 = Debug|Any CPU
		{AA7B4529-88D6-4F42-A0E3-B467FC76D961}.Release|Any CPU.ActiveCfg = Release|Any CPU
		{AA7B4529-88D6-4F42-A0E3-B467FC76D961}.Release|Any CPU.Build.0 = Release|Any CPU
		{E97B73FF-D1E9-4CDC-A901-618A3F9151D3}.Debug|Any CPU.ActiveCfg = Debug|Any CPU
		{E97B73FF-D1E9-4CDC-A901-618A3F9151D3}.Debug|Any CPU.Build.0 = Debug|Any CPU
		{E97B73FF-D1E9-4CDC-A901-618A3F9151D3}.Release|Any CPU.ActiveCfg = Release|Any CPU
		{E97B73FF-D1E9-4CDC-A901-618A3F9151D3}.Release|Any CPU.Build.0 = Release|Any CPU
		{56374E57-E7C9-4FDF-A7D9-E04698222167}.Debug|Any CPU.ActiveCfg = Debug|Any CPU
		{56374E57-E7C9-4FDF-A7D9-E04698222167}.Debug|Any CPU.Build.0 = Debug|Any CPU
		{56374E57-E7C9-4FDF-A7D9-E04698222167}.Release|Any CPU.ActiveCfg = Release|Any CPU
		{56374E57-E7C9-4FDF-A7D9-E04698222167}.Release|Any CPU.Build.0 = Release|Any CPU
		{45D17CEE-AA71-44FC-AB5C-2CC1045E66D1}.Debug|Any CPU.ActiveCfg = Debug|Any CPU
		{45D17CEE-AA71-44FC-AB5C-2CC1045E66D1}.Debug|Any CPU.Build.0 = Debug|Any CPU
		{45D17CEE-AA71-44FC-AB5C-2CC1045E66D1}.Release|Any CPU.ActiveCfg = Release|Any CPU
		{45D17CEE-AA71-44FC-AB5C-2CC1045E66D1}.Release|Any CPU.Build.0 = Release|Any CPU
		{A22733D0-C027-4786-B0BC-14332BCB3152}.Debug|Any CPU.ActiveCfg = Debug|Any CPU
		{A22733D0-C027-4786-B0BC-14332BCB3152}.Debug|Any CPU.Build.0 = Debug|Any CPU
		{A22733D0-C027-4786-B0BC-14332BCB3152}.Release|Any CPU.ActiveCfg = Release|Any CPU
		{A22733D0-C027-4786-B0BC-14332BCB3152}.Release|Any CPU.Build.0 = Release|Any CPU
		{D1D7D215-9E36-4077-B564-188805080A62}.Debug|Any CPU.ActiveCfg = Debug|Any CPU
		{D1D7D215-9E36-4077-B564-188805080A62}.Debug|Any CPU.Build.0 = Debug|Any CPU
		{D1D7D215-9E36-4077-B564-188805080A62}.Release|Any CPU.ActiveCfg = Release|Any CPU
		{D1D7D215-9E36-4077-B564-188805080A62}.Release|Any CPU.Build.0 = Release|Any CPU
		{31F26AA2-8BDC-4C6B-8DBA-03A05EC249E0}.Debug|Any CPU.ActiveCfg = Debug|Any CPU
		{31F26AA2-8BDC-4C6B-8DBA-03A05EC249E0}.Debug|Any CPU.Build.0 = Debug|Any CPU
		{31F26AA2-8BDC-4C6B-8DBA-03A05EC249E0}.Release|Any CPU.ActiveCfg = Release|Any CPU
		{31F26AA2-8BDC-4C6B-8DBA-03A05EC249E0}.Release|Any CPU.Build.0 = Release|Any CPU
		{A345BA06-3040-4499-829F-8B25BBE23747}.Debug|Any CPU.ActiveCfg = Debug|Any CPU
		{A345BA06-3040-4499-829F-8B25BBE23747}.Debug|Any CPU.Build.0 = Debug|Any CPU
		{A345BA06-3040-4499-829F-8B25BBE23747}.Release|Any CPU.ActiveCfg = Release|Any CPU
		{A345BA06-3040-4499-829F-8B25BBE23747}.Release|Any CPU.Build.0 = Release|Any CPU
	EndGlobalSection
	GlobalSection(SolutionProperties) = preSolution
		HideSolutionNode = FALSE
	EndGlobalSection
	GlobalSection(NestedProjects) = preSolution
		{7C93D157-FA5F-46AF-99E4-3F99CCEDAD7F} = {29C592C6-5588-467A-8E0D-CA771720BD27}
		{40BDA468-E0F3-4B6B-BD3F-5E40EC56CF56} = {29C592C6-5588-467A-8E0D-CA771720BD27}
		{9A531C44-C518-4C22-A6BB-02C337AFBEA5} = {29C592C6-5588-467A-8E0D-CA771720BD27}
		{AA7B4529-88D6-4F42-A0E3-B467FC76D961} = {29C592C6-5588-467A-8E0D-CA771720BD27}
		{E97B73FF-D1E9-4CDC-A901-618A3F9151D3} = {8F306105-E6FA-4D45-B7A5-6D861C556387}
		{56374E57-E7C9-4FDF-A7D9-E04698222167} = {8F306105-E6FA-4D45-B7A5-6D861C556387}
		{45D17CEE-AA71-44FC-AB5C-2CC1045E66D1} = {8F306105-E6FA-4D45-B7A5-6D861C556387}
		{A22733D0-C027-4786-B0BC-14332BCB3152} = {49546F29-6694-4DD4-98A6-101E479A19EA}
		{D1D7D215-9E36-4077-B564-188805080A62} = {49546F29-6694-4DD4-98A6-101E479A19EA}
		{31F26AA2-8BDC-4C6B-8DBA-03A05EC249E0} = {49546F29-6694-4DD4-98A6-101E479A19EA}
		{A345BA06-3040-4499-829F-8B25BBE23747} = {49546F29-6694-4DD4-98A6-101E479A19EA}
	EndGlobalSection
	GlobalSection(ExtensibilityGlobals) = postSolution
		SolutionGuid = {997C87DE-E339-4365-A411-2174277EBBDB}
	EndGlobalSection
EndGlobal
